
Microsoft Visual Studio Solution File, Format Version 12.00
# Visual Studio Version 16
VisualStudioVersion = 16.0.31729.503
MinimumVisualStudioVersion = 10.0.40219.1
Project("{FAE04EC0-301F-11D3-BF4B-00C04F79EFBC}") = "wordleSolver", "wordleSolver.csproj", "{6566A8F0-61E7-4A08-A481-F2A0EA1EE522}"
EndProject
Global
	GlobalSection(SolutionConfigurationPlatforms) = preSolution
		Debug|Any CPU = Debug|Any CPU
		Release|Any CPU = Release|Any CPU
	EndGlobalSection
	GlobalSection(ProjectConfigurationPlatforms) = postSolution
		{6566A8F0-61E7-4A08-A481-F2A0EA1EE522}.Debug|Any CPU.ActiveCfg = Debug|Any CPU
		{6566A8F0-61E7-4A08-A481-F2A0EA1EE522}.Debug|Any CPU.Build.0 = Debug|Any CPU
		{6566A8F0-61E7-4A08-A481-F2A0EA1EE522}.Release|Any CPU.ActiveCfg = Release|Any CPU
		{6566A8F0-61E7-4A08-A481-F2A0EA1EE522}.Release|Any CPU.Build.0 = Release|Any CPU
	EndGlobalSection
	GlobalSection(SolutionProperties) = preSolution
		HideSolutionNode = FALSE
	EndGlobalSection
	GlobalSection(ExtensibilityGlobals) = postSolution
		SolutionGuid = {2B4EA849-F49C-49B9-B3EF-8ADC00096034}
	EndGlobalSection
EndGlobal
